
Microsoft Visual Studio Solution File, Format Version 12.00
# Visual Studio Version 17
VisualStudioVersion = 17.5.002.0
MinimumVisualStudioVersion = 10.0.40219.1
Project("{9A19103F-16F7-4668-BE54-9A1E7A4F7556}") = "TradingEngine", "TradingEngine.csproj", "{1DD93D2D-BEDB-439F-96F0-130DBA1CDF6A}"
EndProject
Project("{FAE04EC0-301F-11D3-BF4B-00C04F79EFBC}") = "LoggingCS", "..\..\LoggingCS\LoggingCS\LoggingCS.csproj", "{03217328-E47C-4E5C-9B50-9AAD33F3A393}"
EndProject
Project("{FAE04EC0-301F-11D3-BF4B-00C04F79EFBC}") = "OrdersCS", "..\..\OrdersCS\OrdersCS.csproj", "{A057A28F-649B-4865-8E99-E0300C0AA563}"
EndProject
Project("{FAE04EC0-301F-11D3-BF4B-00C04F79EFBC}") = "OrderbookCS", "..\..\OrderbookCS\OrderbookCS.csproj", "{5C9261B1-299B-4303-9A41-653E936EAA63}"
EndProject
Project("{FAE04EC0-301F-11D3-BF4B-00C04F79EFBC}") = "InputCS", "..\..\InputCS\InputCS.csproj", "{C931B13D-9EC3-45E4-9957-30664D985B0B}"
EndProject
Project("{FAE04EC0-301F-11D3-BF4B-00C04F79EFBC}") = "SecurityCS", "..\..\SecurityCS\SecurityCS.csproj", "{72E094CB-987A-4C67-B25C-0E35FBB44CEA}"
EndProject
Global
	GlobalSection(SolutionConfigurationPlatforms) = preSolution
		Debug|Any CPU = Debug|Any CPU
		Release|Any CPU = Release|Any CPU
	EndGlobalSection
	GlobalSection(ProjectConfigurationPlatforms) = postSolution
		{1DD93D2D-BEDB-439F-96F0-130DBA1CDF6A}.Debug|Any CPU.ActiveCfg = Debug|Any CPU
		{1DD93D2D-BEDB-439F-96F0-130DBA1CDF6A}.Debug|Any CPU.Build.0 = Debug|Any CPU
		{1DD93D2D-BEDB-439F-96F0-130DBA1CDF6A}.Release|Any CPU.ActiveCfg = Release|Any CPU
		{1DD93D2D-BEDB-439F-96F0-130DBA1CDF6A}.Release|Any CPU.Build.0 = Release|Any CPU
		{03217328-E47C-4E5C-9B50-9AAD33F3A393}.Debug|Any CPU.ActiveCfg = Debug|Any CPU
		{03217328-E47C-4E5C-9B50-9AAD33F3A393}.Debug|Any CPU.Build.0 = Debug|Any CPU
		{03217328-E47C-4E5C-9B50-9AAD33F3A393}.Release|Any CPU.ActiveCfg = Release|Any CPU
		{03217328-E47C-4E5C-9B50-9AAD33F3A393}.Release|Any CPU.Build.0 = Release|Any CPU
		{A057A28F-649B-4865-8E99-E0300C0AA563}.Debug|Any CPU.ActiveCfg = Debug|Any CPU
		{A057A28F-649B-4865-8E99-E0300C0AA563}.Debug|Any CPU.Build.0 = Debug|Any CPU
		{A057A28F-649B-4865-8E99-E0300C0AA563}.Release|Any CPU.ActiveCfg = Release|Any CPU
		{A057A28F-649B-4865-8E99-E0300C0AA563}.Release|Any CPU.Build.0 = Release|Any CPU
		{5C9261B1-299B-4303-9A41-653E936EAA63}.Debug|Any CPU.ActiveCfg = Debug|Any CPU
		{5C9261B1-299B-4303-9A41-653E936EAA63}.Debug|Any CPU.Build.0 = Debug|Any CPU
		{5C9261B1-299B-4303-9A41-653E936EAA63}.Release|Any CPU.ActiveCfg = Release|Any CPU
		{5C9261B1-299B-4303-9A41-653E936EAA63}.Release|Any CPU.Build.0 = Release|Any CPU
		{C931B13D-9EC3-45E4-9957-30664D985B0B}.Debug|Any CPU.ActiveCfg = Debug|Any CPU
		{C931B13D-9EC3-45E4-9957-30664D985B0B}.Debug|Any CPU.Build.0 = Debug|Any CPU
		{C931B13D-9EC3-45E4-9957-30664D985B0B}.Release|Any CPU.ActiveCfg = Release|Any CPU
		{C931B13D-9EC3-45E4-9957-30664D985B0B}.Release|Any CPU.Build.0 = Release|Any CPU
		{72E094CB-987A-4C67-B25C-0E35FBB44CEA}.Debug|Any CPU.ActiveCfg = Debug|Any CPU
		{72E094CB-987A-4C67-B25C-0E35FBB44CEA}.Debug|Any CPU.Build.0 = Debug|Any CPU
		{72E094CB-987A-4C67-B25C-0E35FBB44CEA}.Release|Any CPU.ActiveCfg = Release|Any CPU
		{72E094CB-987A-4C67-B25C-0E35FBB44CEA}.Release|Any CPU.Build.0 = Release|Any CPU
	EndGlobalSection
	GlobalSection(SolutionProperties) = preSolution
		HideSolutionNode = FALSE
	EndGlobalSection
	GlobalSection(ExtensibilityGlobals) = postSolution
		SolutionGuid = {7EC6A3F6-BBC4-4F7C-B1F5-01BC4AF78E41}
	EndGlobalSection
EndGlobal
